
Microsoft Visual Studio Solution File, Format Version 12.00
# Visual Studio Version 16
VisualStudioVersion = 16.0.30523.141
MinimumVisualStudioVersion = 10.0.40219.1
Project("{FAE04EC0-301F-11D3-BF4B-00C04F79EFBC}") = "kosullar1", "kosullar1\kosullar1.csproj", "{FC128506-6C9E-4CDB-85D2-356E08E72AA0}"
EndProject
Global
	GlobalSection(SolutionConfigurationPlatforms) = preSolution
		Debug|Any CPU = Debug|Any CPU
		Release|Any CPU = Release|Any CPU
	EndGlobalSection
	GlobalSection(ProjectConfigurationPlatforms) = postSolution
		{FC128506-6C9E-4CDB-85D2-356E08E72AA0}.Debug|Any CPU.ActiveCfg = Debug|Any CPU
		{FC128506-6C9E-4CDB-85D2-356E08E72AA0}.Debug|Any CPU.Build.0 = Debug|Any CPU
		{FC128506-6C9E-4CDB-85D2-356E08E72AA0}.Release|Any CPU.ActiveCfg = Release|Any CPU
		{FC128506-6C9E-4CDB-85D2-356E08E72AA0}.Release|Any CPU.Build.0 = Release|Any CPU
	EndGlobalSection
	GlobalSection(SolutionProperties) = preSolution
		HideSolutionNode = FALSE
	EndGlobalSection
	GlobalSection(ExtensibilityGlobals) = postSolution
		SolutionGuid = {EB4A7F09-5B20-4812-A677-0BAAF74F5D5F}
	EndGlobalSection
EndGlobal
